
Microsoft Visual Studio Solution File, Format Version 12.00
# Visual Studio 15
VisualStudioVersion = 15.0.27130.2026
MinimumVisualStudioVersion = 10.0.40219.1
Project("{8BC9CEB8-8B4A-11D0-8D11-00A0C91BC942}") = "graph_search", "graph_search\graph_search.vcxproj", "{EB93450E-A105-497B-9A22-6BBDF5E93166}"
EndProject
Global
	GlobalSection(SolutionConfigurationPlatforms) = preSolution
		Debug|x64 = Debug|x64
		Debug|x86 = Debug|x86
		Release|x64 = Release|x64
		Release|x86 = Release|x86
	EndGlobalSection
	GlobalSection(ProjectConfigurationPlatforms) = postSolution
		{EB93450E-A105-497B-9A22-6BBDF5E93166}.Debug|x64.ActiveCfg = Debug|x64
		{EB93450E-A105-497B-9A22-6BBDF5E93166}.Debug|x64.Build.0 = Debug|x64
		{EB93450E-A105-497B-9A22-6BBDF5E93166}.Debug|x86.ActiveCfg = Debug|Win32
		{EB93450E-A105-497B-9A22-6BBDF5E93166}.Debug|x86.Build.0 = Debug|Win32
		{EB93450E-A105-497B-9A22-6BBDF5E93166}.Release|x64.ActiveCfg = Release|x64
		{EB93450E-A105-497B-9A22-6BBDF5E93166}.Release|x64.Build.0 = Release|x64
		{EB93450E-A105-497B-9A22-6BBDF5E93166}.Release|x86.ActiveCfg = Release|Win32
		{EB93450E-A105-497B-9A22-6BBDF5E93166}.Release|x86.Build.0 = Release|Win32
	EndGlobalSection
	GlobalSection(SolutionProperties) = preSolution
		HideSolutionNode = FALSE
	EndGlobalSection
	GlobalSection(ExtensibilityGlobals) = postSolution
		SolutionGuid = {4D2AEE72-64D9-458E-BD23-7D710ED29F2F}
	EndGlobalSection
EndGlobal
