<?xml version="1.0" encoding="utf-8"?>
<Project ToolsVersion="4.0" xmlns="http://schemas.microsoft.com/developer/msbuild/2003">
  <ItemGroup>
    <Filter Include="Source Files">
      <UniqueIdentifier>{4FC737F1-C7A5-4376-A066-2A32D752A2FF}</UniqueIdentifier>
      <Extensions>cpp;c;cc;cxx;def;odl;idl;hpj;bat;asm;asmx</Extensions>
    </Filter>
    <Filter Include="Header Files">
      <UniqueIdentifier>{93995380-89BD-4b04-88EB-625FBE52EBFB}</UniqueIdentifier>
      <Extensions>h;hh;hpp;hxx;hm;inl;inc;xsd</Extensions>
    </Filter>
    <Filter Include="Resource Files">
      <UniqueIdentifier>{67DA6AB6-F800-4c08-8B7A-83BB121AAD01}</UniqueIdentifier>
      <Extensions>rc;ico;cur;bmp;dlg;rc2;rct;bin;rgs;gif;jpg;jpeg;jpe;resx;tiff;tif;png;wav;mfcribbon-ms</Extensions>
    </Filter>
  </ItemGroup>
  <ItemGroup>
    <ClInclude Include="include\tests.hpp">
      <Filter>Header Files</Filter>
    </ClInclude>
    <ClInclude Include="deps\json.hpp">
      <Filter>Header Files</Filter>
    </ClInclude>
    <ClInclude Include="include\report\data_unit_lex_order.hpp">
      <Filter>Header Files</Filter>
    </ClInclude>
    <ClInclude Include="include\report\data_pack.hpp">
      <Filter>Header Files</Filter>
    </ClInclude>
    <ClInclude Include="include\report\data_unit.hpp">
      <Filter>Header Files</Filter>
    </ClInclude>
    <ClInclude Include="include\report\report.hpp">
      <Filter>Header Files</Filter>
    </ClInclude>
    <ClInclude Include="include\util\range.hpp">
      <Filter>Header Files</Filter>
    </ClInclude>
    <ClInclude Include="include\util\generator.hpp">
      <Filter>Header Files</Filter>
    </ClInclude>
    <ClInclude Include="include\benchmark.hpp">
      <Filter>Header Files</Filter>
    </ClInclude>
    <ClInclude Include="include\util\pretty_print.hpp">
      <Filter>Header Files</Filter>
    </ClInclude>
    <ClInclude Include="deps\ctpl_stl.h">
      <Filter>Header Files</Filter>
    </ClInclude>
    <ClInclude Include="deps\ska\unordered_map.hpp">
      <Filter>Header Files</Filter>
    </ClInclude>
    <ClInclude Include="deps\ska\bytell_hash_map.hpp">
      <Filter>Header Files</Filter>
    </ClInclude>
    <ClInclude Include="deps\ska\flat_hash_map.hpp">
      <Filter>Header Files</Filter>
    </ClInclude>
    <ClInclude Include="include\util\assert.hpp">
      <Filter>Header Files</Filter>
    </ClInclude>
    <ClInclude Include="deps\zh\as_functor.hpp">
      <Filter>Header Files</Filter>
    </ClInclude>
    <ClInclude Include="deps\zh\container_view.hpp">
      <Filter>Header Files</Filter>
    </ClInclude>
    <ClInclude Include="deps\zh\container_view_impl.hpp">
      <Filter>Header Files</Filter>
    </ClInclude>
    <ClInclude Include="deps\zh\container_view_impl_no_reverse.hpp">
      <Filter>Header Files</Filter>
    </ClInclude>
    <ClInclude Include="deps\zh\container_view_impl_reverse.hpp">
      <Filter>Header Files</Filter>
    </ClInclude>
    <ClInclude Include="deps\zh\deriveable_ptr.hpp">
      <Filter>Header Files</Filter>
    </ClInclude>
    <ClInclude Include="deps\zh\fseq.hpp">
      <Filter>Header Files</Filter>
    </ClInclude>
    <ClInclude Include="deps\zh\fseq_impl.hpp">
      <Filter>Header Files</Filter>
    </ClInclude>
    <ClInclude Include="deps\zh\iterator.hpp">
      <Filter>Header Files</Filter>
    </ClInclude>
    <ClInclude Include="deps\zh\iterator_functors.hpp">
      <Filter>Header Files</Filter>
    </ClInclude>
    <ClInclude Include="deps\zh\make_from_first_and_tuple.hpp">
      <Filter>Header Files</Filter>
    </ClInclude>
    <ClInclude Include="deps\zh\proxy_iterator.hpp">
      <Filter>Header Files</Filter>
    </ClInclude>
    <ClInclude Include="deps\zh\random.hpp">
      <Filter>Header Files</Filter>
    </ClInclude>
    <ClInclude Include="deps\zh\type_traits.hpp">
      <Filter>Header Files</Filter>
    </ClInclude>
    <ClInclude Include="deps\zh\type_traits\defines_type.hpp">
      <Filter>Header Files</Filter>
    </ClInclude>
    <ClInclude Include="deps\zh\type_traits\enable_if_defined.hpp">
      <Filter>Header Files</Filter>
    </ClInclude>
    <ClInclude Include="deps\zh\type_traits\has_size.hpp">
      <Filter>Header Files</Filter>
    </ClInclude>
    <ClInclude Include="deps\zh\type_traits\is_bidirectional.hpp">
      <Filter>Header Files</Filter>
    </ClInclude>
    <ClInclude Include="deps\zh\type_traits\is_bidirectional_range.hpp">
      <Filter>Header Files</Filter>
    </ClInclude>
    <ClInclude Include="deps\zh\type_traits\is_forward.hpp">
      <Filter>Header Files</Filter>
    </ClInclude>
    <ClInclude Include="deps\zh\type_traits\is_function_like.hpp">
      <Filter>Header Files</Filter>
    </ClInclude>
    <ClInclude Include="deps\zh\type_traits\is_input.hpp">
      <Filter>Header Files</Filter>
    </ClInclude>
    <ClInclude Include="deps\zh\type_traits\is_less_cv.hpp">
      <Filter>Header Files</Filter>
    </ClInclude>
    <ClInclude Include="deps\zh\type_traits\is_more_cv.hpp">
      <Filter>Header Files</Filter>
    </ClInclude>
    <ClInclude Include="deps\zh\type_traits\is_output.hpp">
      <Filter>Header Files</Filter>
    </ClInclude>
    <ClInclude Include="deps\zh\type_traits\is_random_access.hpp">
      <Filter>Header Files</Filter>
    </ClInclude>
    <ClInclude Include="deps\zh\type_traits\is_range.hpp">
      <Filter>Header Files</Filter>
    </ClInclude>
    <ClInclude Include="deps\zh\type_traits\is_ratio.hpp">
      <Filter>Header Files</Filter>
    </ClInclude>
    <ClInclude Include="deps\zh\type_traits\is_same.hpp">
      <Filter>Header Files</Filter>
    </ClInclude>
    <ClInclude Include="deps\zh\type_traits\is_similar.hpp">
      <Filter>Header Files</Filter>
    </ClInclude>
    <ClInclude Include="deps\zh\type_traits\is_stronger_qualified.hpp">
      <Filter>Header Files</Filter>
    </ClInclude>
    <ClInclude Include="deps\zh\type_traits\is_weaker_qualified.hpp">
      <Filter>Header Files</Filter>
    </ClInclude>
    <ClInclude Include="deps\zh\type_traits\remove_all_pointers.hpp">
      <Filter>Header Files</Filter>
    </ClInclude>
    <ClInclude Include="deps\zh\random\generator.hpp">
      <Filter>Header Files</Filter>
    </ClInclude>
    <ClInclude Include="deps\zh\random\multigenerator.hpp">
      <Filter>Header Files</Filter>
    </ClInclude>
    <ClInclude Include="deps\zh\random\thread_safe_random_device.hpp">
      <Filter>Header Files</Filter>
    </ClInclude>
    <ClInclude Include="include\graph\iterator.hpp">
      <Filter>Header Files</Filter>
    </ClInclude>
    <ClInclude Include="include\graph\node_iterator.hpp">
      <Filter>Header Files</Filter>
    </ClInclude>
    <ClInclude Include="include\graph\nodes_view.hpp">
      <Filter>Header Files</Filter>
    </ClInclude>
    <ClInclude Include="include\graph\graph.hpp">
      <Filter>Header Files</Filter>
    </ClInclude>
    <ClInclude Include="include\graph.hpp">
      <Filter>Header Files</Filter>
    </ClInclude>
    <ClInclude Include="include\graph\node\node.hpp">
      <Filter>Header Files</Filter>
    </ClInclude>
    <ClInclude Include="include\graph\node\pseudonode.hpp">
      <Filter>Header Files</Filter>
    </ClInclude>
    <ClInclude Include="include\graph\node\node_functors.hpp">
      <Filter>Header Files</Filter>
    </ClInclude>
    <ClInclude Include="include\graph\node\node_iterator.hpp">
      <Filter>Header Files</Filter>
    </ClInclude>
    <ClInclude Include="include\graph\node\nodes_view.hpp">
      <Filter>Header Files</Filter>
    </ClInclude>
    <ClInclude Include="include\graph_search\sector.hpp">
      <Filter>Header Files</Filter>
    </ClInclude>
    <ClInclude Include="include\graph_search\puff.hpp">
      <Filter>Header Files</Filter>
    </ClInclude>
    <ClInclude Include="include\graph_search\node_group.hpp">
      <Filter>Header Files</Filter>
    </ClInclude>
    <ClInclude Include="include\graph_search\graph_match.hpp">
      <Filter>Header Files</Filter>
    </ClInclude>
    <ClInclude Include="include\graph\random.hpp">
      <Filter>Header Files</Filter>
    </ClInclude>
    <ClInclude Include="include\graph\random.inl">
      <Filter>Header Files</Filter>
    </ClInclude>
    <ClInclude Include="include\graph_search\graph_search.hpp">
      <Filter>Header Files</Filter>
    </ClInclude>
    <ClInclude Include="include\graph_search.hpp">
      <Filter>Header Files</Filter>
    </ClInclude>
    <ClInclude Include="include\graph_search\level_builder\build_result.hpp">
      <Filter>Header Files</Filter>
    </ClInclude>
    <ClInclude Include="include\graph_search\level_builder\level_builder.hpp">
      <Filter>Header Files</Filter>
    </ClInclude>
    <ClInclude Include="include\graph_search\level_builder\level_builder_1thread.hpp">
      <Filter>Header Files</Filter>
    </ClInclude>
    <ClInclude Include="include\graph_search\level_builder\level_builder_mthread.hpp">
      <Filter>Header Files</Filter>
    </ClInclude>
    <ClInclude Include="include\graph_search\level_builder\safe_sectors_view.hpp">
      <Filter>Header Files</Filter>
    </ClInclude>
    <ClInclude Include="include\graph_search\functors\node_functors.hpp">
      <Filter>Header Files</Filter>
    </ClInclude>
    <ClInclude Include="include\graph_search\functors\sector_functors.hpp">
      <Filter>Header Files</Filter>
    </ClInclude>
  </ItemGroup>
  <ItemGroup>
    <ClCompile Include="src\main.cpp">
      <Filter>Source Files</Filter>
    </ClCompile>
    <ClCompile Include="src\data_unit.cpp">
      <Filter>Source Files</Filter>
    </ClCompile>
    <ClCompile Include="src\data_pack.cpp">
      <Filter>Source Files</Filter>
    </ClCompile>
    <ClCompile Include="src\data_unit_lex_order.cpp">
      <Filter>Source Files</Filter>
    </ClCompile>
    <ClCompile Include="src\benchmark.cpp">
      <Filter>Source Files</Filter>
    </ClCompile>
  </ItemGroup>
  <ItemGroup>
    <None Include="deps\zh\container_view_impl_no_reverse.inl">
      <Filter>Header Files</Filter>
    </None>
    <None Include="deps\zh\container_view_impl_reverse.inl">
      <Filter>Header Files</Filter>
    </None>
    <None Include="deps\zh\deriveale_ptr.inl">
      <Filter>Header Files</Filter>
    </None>
    <None Include="deps\zh\iterator.inl">
      <Filter>Header Files</Filter>
    </None>
    <None Include="deps\zh\proxy_iterator.inl">
      <Filter>Header Files</Filter>
    </None>
    <None Include="include\graph\iterator.inl">
      <Filter>Header Files</Filter>
    </None>
    <None Include="include\graph\node_iterator.inl">
      <Filter>Header Files</Filter>
    </None>
    <None Include="include\graph\graph.inl">
      <Filter>Header Files</Filter>
    </None>
    <None Include="include\graph\node\node_functors.inl">
      <Filter>Header Files</Filter>
    </None>
    <None Include="include\graph\node\node.inl">
      <Filter>Header Files</Filter>
    </None>
    <None Include="include\graph\node\pseudonode.inl">
      <Filter>Header Files</Filter>
    </None>
    <None Include="include\graph\node\node_iterator.inl">
      <Filter>Header Files</Filter>
    </None>
    <None Include="include\report\data_pack.inl">
      <Filter>Header Files</Filter>
    </None>
    <None Include="include\report\data_unit.inl">
      <Filter>Header Files</Filter>
    </None>
    <None Include="include\report\report.inl">
      <Filter>Header Files</Filter>
    </None>
    <None Include="include\graph_search\graph_search.inl">
      <Filter>Header Files</Filter>
    </None>
    <None Include="include\graph_search\puff.inl">
      <Filter>Header Files</Filter>
    </None>
    <None Include="include\graph_search\sector.inl">
      <Filter>Header Files</Filter>
    </None>
    <None Include="include\graph_search\level_builder\build_result.inl">
      <Filter>Header Files</Filter>
    </None>
    <None Include="include\graph_search\level_builder\level_builder_1thread.inl">
      <Filter>Header Files</Filter>
    </None>
    <None Include="include\graph_search\level_builder\level_builder_mthread.inl">
      <Filter>Header Files</Filter>
    </None>
    <None Include="include\graph_search\level_builder\safe_sectors_view.inl">
      <Filter>Header Files</Filter>
    </None>
    <None Include="include\graph_search\functors\node_functors.inl">
      <Filter>Header Files</Filter>
    </None>
    <None Include="include\graph_search\functors\sector_functors.inl">
      <Filter>Header Files</Filter>
    </None>
  </ItemGroup>
</Project>