<?xml version="1.0" encoding="utf-8"?>
<Project ToolsVersion="4.0" xmlns="http://schemas.microsoft.com/developer/msbuild/2003">
  <ItemGroup>
    <Filter Include="Source Files">
      <UniqueIdentifier>{4FC737F1-C7A5-4376-A066-2A32D752A2FF}</UniqueIdentifier>
      <Extensions>cpp;c;cc;cxx;def;odl;idl;hpj;bat;asm;asmx</Extensions>
    </Filter>
    <Filter Include="Header Files">
      <UniqueIdentifier>{93995380-89BD-4b04-88EB-625FBE52EBFB}</UniqueIdentifier>
      <Extensions>h;hh;hpp;hxx;hm;inl;inc;xsd</Extensions>
    </Filter>
    <Filter Include="Resource Files">
      <UniqueIdentifier>{67DA6AB6-F800-4c08-8B7A-83BB121AAD01}</UniqueIdentifier>
      <Extensions>rc;ico;cur;bmp;dlg;rc2;rct;bin;rgs;gif;jpg;jpeg;jpe;resx;tiff;tif;png;wav;mfcribbon-ms</Extensions>
    </Filter>
  </ItemGroup>
  <ItemGroup>
    <ClInclude Include="deps\ctpl_stl.h">
      <Filter>Header Files</Filter>
    </ClInclude>
    <ClInclude Include="deps\ska\unordered_map.hpp">
      <Filter>Header Files</Filter>
    </ClInclude>
    <ClInclude Include="deps\ska\bytell_hash_map.hpp">
      <Filter>Header Files</Filter>
    </ClInclude>
    <ClInclude Include="deps\ska\flat_hash_map.hpp">
      <Filter>Header Files</Filter>
    </ClInclude>
    <ClInclude Include="deps\zh\random.hpp">
      <Filter>Header Files</Filter>
    </ClInclude>
    <ClInclude Include="deps\zh\type_traits.hpp">
      <Filter>Header Files</Filter>
    </ClInclude>
    <ClInclude Include="deps\zh\type_traits\defines_type.hpp">
      <Filter>Header Files</Filter>
    </ClInclude>
    <ClInclude Include="deps\zh\type_traits\enable_if_defined.hpp">
      <Filter>Header Files</Filter>
    </ClInclude>
    <ClInclude Include="deps\zh\type_traits\has_size.hpp">
      <Filter>Header Files</Filter>
    </ClInclude>
    <ClInclude Include="deps\zh\type_traits\is_bidirectional.hpp">
      <Filter>Header Files</Filter>
    </ClInclude>
    <ClInclude Include="deps\zh\type_traits\is_bidirectional_range.hpp">
      <Filter>Header Files</Filter>
    </ClInclude>
    <ClInclude Include="deps\zh\type_traits\is_forward.hpp">
      <Filter>Header Files</Filter>
    </ClInclude>
    <ClInclude Include="deps\zh\type_traits\is_function_like.hpp">
      <Filter>Header Files</Filter>
    </ClInclude>
    <ClInclude Include="deps\zh\type_traits\is_input.hpp">
      <Filter>Header Files</Filter>
    </ClInclude>
    <ClInclude Include="deps\zh\type_traits\is_less_cv.hpp">
      <Filter>Header Files</Filter>
    </ClInclude>
    <ClInclude Include="deps\zh\type_traits\is_more_cv.hpp">
      <Filter>Header Files</Filter>
    </ClInclude>
    <ClInclude Include="deps\zh\type_traits\is_output.hpp">
      <Filter>Header Files</Filter>
    </ClInclude>
    <ClInclude Include="deps\zh\type_traits\is_random_access.hpp">
      <Filter>Header Files</Filter>
    </ClInclude>
    <ClInclude Include="deps\zh\type_traits\is_range.hpp">
      <Filter>Header Files</Filter>
    </ClInclude>
    <ClInclude Include="deps\zh\type_traits\is_ratio.hpp">
      <Filter>Header Files</Filter>
    </ClInclude>
    <ClInclude Include="deps\zh\type_traits\is_same.hpp">
      <Filter>Header Files</Filter>
    </ClInclude>
    <ClInclude Include="deps\zh\type_traits\is_similar.hpp">
      <Filter>Header Files</Filter>
    </ClInclude>
    <ClInclude Include="deps\zh\type_traits\is_stronger_qualified.hpp">
      <Filter>Header Files</Filter>
    </ClInclude>
    <ClInclude Include="deps\zh\type_traits\is_weaker_qualified.hpp">
      <Filter>Header Files</Filter>
    </ClInclude>
    <ClInclude Include="deps\zh\type_traits\remove_all_pointers.hpp">
      <Filter>Header Files</Filter>
    </ClInclude>
    <ClInclude Include="deps\zh\random\generator.hpp">
      <Filter>Header Files</Filter>
    </ClInclude>
    <ClInclude Include="deps\zh\random\multigenerator.hpp">
      <Filter>Header Files</Filter>
    </ClInclude>
    <ClInclude Include="deps\zh\random\thread_safe_random_device.hpp">
      <Filter>Header Files</Filter>
    </ClInclude>
    <ClInclude Include="deps\nlohmann\json.hpp">
      <Filter>Header Files</Filter>
    </ClInclude>
    <ClInclude Include="deps\zh\manual_ptr.hpp">
      <Filter>Header Files</Filter>
    </ClInclude>
    <ClInclude Include="deps\zh\manual_ptr\manual_ptr.hpp">
      <Filter>Header Files</Filter>
    </ClInclude>
    <ClInclude Include="deps\zh\graph\detail.hpp">
      <Filter>Header Files</Filter>
    </ClInclude>
    <ClInclude Include="deps\zh\graph\edges_view.hpp">
      <Filter>Header Files</Filter>
    </ClInclude>
    <ClInclude Include="deps\zh\graph\graph.hpp">
      <Filter>Header Files</Filter>
    </ClInclude>
    <ClInclude Include="deps\zh\graph\graph_fwd.hpp">
      <Filter>Header Files</Filter>
    </ClInclude>
    <ClInclude Include="deps\zh\graph\graph_void_E.hpp">
      <Filter>Header Files</Filter>
    </ClInclude>
    <ClInclude Include="deps\zh\graph\iterator.hpp">
      <Filter>Header Files</Filter>
    </ClInclude>
    <ClInclude Include="deps\zh\graph\iterator_fwd.hpp">
      <Filter>Header Files</Filter>
    </ClInclude>
    <ClInclude Include="deps\zh\graph\node_iterator.hpp">
      <Filter>Header Files</Filter>
    </ClInclude>
    <ClInclude Include="deps\zh\graph\node_iterator_fwd.hpp">
      <Filter>Header Files</Filter>
    </ClInclude>
    <ClInclude Include="deps\zh\graph\node_iterator_void_E.hpp">
      <Filter>Header Files</Filter>
    </ClInclude>
    <ClInclude Include="deps\zh\graph\nodes_view.hpp">
      <Filter>Header Files</Filter>
    </ClInclude>
    <ClInclude Include="deps\zh\graph\non_member.hpp">
      <Filter>Header Files</Filter>
    </ClInclude>
    <ClInclude Include="deps\zh\graph\node\detail.hpp">
      <Filter>Header Files</Filter>
    </ClInclude>
    <ClInclude Include="deps\zh\graph\node\edge_iterator.hpp">
      <Filter>Header Files</Filter>
    </ClInclude>
    <ClInclude Include="deps\zh\graph\node\edges_view.hpp">
      <Filter>Header Files</Filter>
    </ClInclude>
    <ClInclude Include="deps\zh\graph\node\functors.hpp">
      <Filter>Header Files</Filter>
    </ClInclude>
    <ClInclude Include="deps\zh\graph\node\node.hpp">
      <Filter>Header Files</Filter>
    </ClInclude>
    <ClInclude Include="deps\zh\graph\node\node_fwd.hpp">
      <Filter>Header Files</Filter>
    </ClInclude>
    <ClInclude Include="deps\zh\graph\node\node_iterator.hpp">
      <Filter>Header Files</Filter>
    </ClInclude>
    <ClInclude Include="deps\zh\graph\node\node_void_E.hpp">
      <Filter>Header Files</Filter>
    </ClInclude>
    <ClInclude Include="deps\zh\graph\node\nodes_view.hpp">
      <Filter>Header Files</Filter>
    </ClInclude>
    <ClInclude Include="deps\zh\graph\node\non_member.hpp">
      <Filter>Header Files</Filter>
    </ClInclude>
    <ClInclude Include="deps\zh\graph\edge\const_edge.hpp">
      <Filter>Header Files</Filter>
    </ClInclude>
    <ClInclude Include="deps\zh\graph\edge\const_edge_T_void.hpp">
      <Filter>Header Files</Filter>
    </ClInclude>
    <ClInclude Include="deps\zh\graph\edge\edge.hpp">
      <Filter>Header Files</Filter>
    </ClInclude>
    <ClInclude Include="deps\zh\graph\edge\edge_fwd.hpp">
      <Filter>Header Files</Filter>
    </ClInclude>
    <ClInclude Include="deps\zh\graph\edge\edge_T_void.hpp">
      <Filter>Header Files</Filter>
    </ClInclude>
    <ClInclude Include="deps\zh\graph\edge\non_member.hpp">
      <Filter>Header Files</Filter>
    </ClInclude>
    <ClInclude Include="deps\zh\graph\connection\connection.hpp">
      <Filter>Header Files</Filter>
    </ClInclude>
    <ClInclude Include="deps\zh\graph\connection\connection_fwd.hpp">
      <Filter>Header Files</Filter>
    </ClInclude>
    <ClInclude Include="deps\zh\graph\connection\connection_T_void.hpp">
      <Filter>Header Files</Filter>
    </ClInclude>
    <ClInclude Include="deps\zh\graph\connection\functors.hpp">
      <Filter>Header Files</Filter>
    </ClInclude>
    <ClInclude Include="deps\zh\graph\connection\non_member.hpp">
      <Filter>Header Files</Filter>
    </ClInclude>
    <ClInclude Include="deps\zh\graph.hpp">
      <Filter>Header Files</Filter>
    </ClInclude>
    <ClInclude Include="deps\zh\prism.hpp">
      <Filter>Header Files</Filter>
    </ClInclude>
    <ClInclude Include="deps\zh\prism\cfprism.hpp">
      <Filter>Header Files</Filter>
    </ClInclude>
    <ClInclude Include="deps\zh\prism\cprism.hpp">
      <Filter>Header Files</Filter>
    </ClInclude>
    <ClInclude Include="deps\zh\prism\fprism.hpp">
      <Filter>Header Files</Filter>
    </ClInclude>
    <ClInclude Include="deps\zh\prism\prism.hpp">
      <Filter>Header Files</Filter>
    </ClInclude>
    <ClInclude Include="zh\graph_search\functors\node_functors.hpp">
      <Filter>Header Files</Filter>
    </ClInclude>
    <ClInclude Include="zh\graph_search\functors\sector_functors.hpp">
      <Filter>Header Files</Filter>
    </ClInclude>
    <ClInclude Include="zh\graph_search\level_builder\build_result.hpp">
      <Filter>Header Files</Filter>
    </ClInclude>
    <ClInclude Include="zh\graph_search\level_builder\level_builder.hpp">
      <Filter>Header Files</Filter>
    </ClInclude>
    <ClInclude Include="zh\graph_search\level_builder\level_builder_1thread.hpp">
      <Filter>Header Files</Filter>
    </ClInclude>
    <ClInclude Include="zh\graph_search\level_builder\level_builder_mthread.hpp">
      <Filter>Header Files</Filter>
    </ClInclude>
    <ClInclude Include="zh\graph_search\level_builder\safe_sectors_view.hpp">
      <Filter>Header Files</Filter>
    </ClInclude>
    <ClInclude Include="zh\graph_search\graph_match.hpp">
      <Filter>Header Files</Filter>
    </ClInclude>
    <ClInclude Include="zh\graph_search\graph_search.hpp">
      <Filter>Header Files</Filter>
    </ClInclude>
    <ClInclude Include="zh\graph_search\node_group.hpp">
      <Filter>Header Files</Filter>
    </ClInclude>
    <ClInclude Include="zh\graph_search\puff.hpp">
      <Filter>Header Files</Filter>
    </ClInclude>
    <ClInclude Include="zh\report\data_pack.hpp">
      <Filter>Header Files</Filter>
    </ClInclude>
    <ClInclude Include="zh\report\data_unit.hpp">
      <Filter>Header Files</Filter>
    </ClInclude>
    <ClInclude Include="zh\report\data_unit_lex_order.hpp">
      <Filter>Header Files</Filter>
    </ClInclude>
    <ClInclude Include="zh\report\report.hpp">
      <Filter>Header Files</Filter>
    </ClInclude>
    <ClInclude Include="zh\util\assert.hpp">
      <Filter>Header Files</Filter>
    </ClInclude>
    <ClInclude Include="zh\util\generator.hpp">
      <Filter>Header Files</Filter>
    </ClInclude>
    <ClInclude Include="zh\util\pretty_print.hpp">
      <Filter>Header Files</Filter>
    </ClInclude>
    <ClInclude Include="zh\benchmark.hpp">
      <Filter>Header Files</Filter>
    </ClInclude>
    <ClInclude Include="zh\graph_search.hpp">
      <Filter>Header Files</Filter>
    </ClInclude>
    <ClInclude Include="zh\tests.hpp">
      <Filter>Header Files</Filter>
    </ClInclude>
    <ClInclude Include="zh\util\iterator.hpp">
      <Filter>Header Files</Filter>
    </ClInclude>
    <ClInclude Include="zh\mutate.hpp">
      <Filter>Header Files</Filter>
    </ClInclude>
    <ClInclude Include="zh\graph_search\cluster.hpp">
      <Filter>Header Files</Filter>
    </ClInclude>
    <ClInclude Include="deps\zh\graph\algorithm\line_graph.hpp">
      <Filter>Header Files</Filter>
    </ClInclude>
    <ClInclude Include="zh\util\json.hpp">
      <Filter>Header Files</Filter>
    </ClInclude>
  </ItemGroup>
  <ItemGroup>
    <ClCompile Include="benchmark.cpp">
      <Filter>Source Files</Filter>
    </ClCompile>
    <ClCompile Include="main.cpp">
      <Filter>Source Files</Filter>
    </ClCompile>
  </ItemGroup>
  <ItemGroup>
    <None Include="deps\zh\manual_ptr\manual_ptr.inl">
      <Filter>Header Files</Filter>
    </None>
    <None Include="deps\zh\graph\edges_view.inl">
      <Filter>Header Files</Filter>
    </None>
    <None Include="deps\zh\graph\graph.inl">
      <Filter>Header Files</Filter>
    </None>
    <None Include="deps\zh\graph\graph_void_E.inl">
      <Filter>Header Files</Filter>
    </None>
    <None Include="deps\zh\graph\iterator.inl">
      <Filter>Header Files</Filter>
    </None>
    <None Include="deps\zh\graph\node_iterator.inl">
      <Filter>Header Files</Filter>
    </None>
    <None Include="deps\zh\graph\node_iterator_void_E.inl">
      <Filter>Header Files</Filter>
    </None>
    <None Include="deps\zh\graph\non_member.inl">
      <Filter>Header Files</Filter>
    </None>
    <None Include="deps\zh\graph\node\non_member.inl">
      <Filter>Header Files</Filter>
    </None>
    <None Include="deps\zh\graph\node\edge_iterator.inl">
      <Filter>Header Files</Filter>
    </None>
    <None Include="deps\zh\graph\node\functors.inl">
      <Filter>Header Files</Filter>
    </None>
    <None Include="deps\zh\graph\node\node.inl">
      <Filter>Header Files</Filter>
    </None>
    <None Include="deps\zh\graph\node\node_void_E.inl">
      <Filter>Header Files</Filter>
    </None>
    <None Include="deps\zh\graph\node\nodes_view.inl">
      <Filter>Header Files</Filter>
    </None>
    <None Include="deps\zh\graph\edge\non_member.inl">
      <Filter>Header Files</Filter>
    </None>
    <None Include="deps\zh\graph\edge\const_edge.inl">
      <Filter>Header Files</Filter>
    </None>
    <None Include="deps\zh\graph\edge\const_edge_T_void.inl">
      <Filter>Header Files</Filter>
    </None>
    <None Include="deps\zh\graph\edge\edge.inl">
      <Filter>Header Files</Filter>
    </None>
    <None Include="deps\zh\graph\edge\edge_T_void.inl">
      <Filter>Header Files</Filter>
    </None>
    <None Include="deps\zh\graph\connection\non_member.inl">
      <Filter>Header Files</Filter>
    </None>
    <None Include="deps\zh\graph\connection\connection.inl">
      <Filter>Header Files</Filter>
    </None>
    <None Include="deps\zh\graph\connection\connection_T_void.inl">
      <Filter>Header Files</Filter>
    </None>
    <None Include="deps\zh\graph\connection\functors.inl">
      <Filter>Header Files</Filter>
    </None>
    <None Include="deps\zh\prism\cfprism.inl">
      <Filter>Header Files</Filter>
    </None>
    <None Include="deps\zh\prism\cprism.inl">
      <Filter>Header Files</Filter>
    </None>
    <None Include="deps\zh\prism\fprism.inl">
      <Filter>Header Files</Filter>
    </None>
    <None Include="deps\zh\prism\prism.inl">
      <Filter>Header Files</Filter>
    </None>
    <None Include="zh\graph_search\functors\node_functors.inl">
      <Filter>Header Files</Filter>
    </None>
    <None Include="zh\graph_search\functors\sector_functors.inl">
      <Filter>Header Files</Filter>
    </None>
    <None Include="zh\graph_search\level_builder\build_result.inl">
      <Filter>Header Files</Filter>
    </None>
    <None Include="zh\graph_search\level_builder\level_builder_1thread.inl">
      <Filter>Header Files</Filter>
    </None>
    <None Include="zh\graph_search\level_builder\level_builder_mthread.inl">
      <Filter>Header Files</Filter>
    </None>
    <None Include="zh\graph_search\level_builder\safe_sectors_view.inl">
      <Filter>Header Files</Filter>
    </None>
    <None Include="zh\graph_search\graph_search.inl">
      <Filter>Header Files</Filter>
    </None>
    <None Include="zh\graph_search\puff.inl">
      <Filter>Header Files</Filter>
    </None>
    <None Include="zh\report\data_pack.inl">
      <Filter>Header Files</Filter>
    </None>
    <None Include="zh\report\data_unit.inl">
      <Filter>Header Files</Filter>
    </None>
    <None Include="zh\report\report.inl">
      <Filter>Header Files</Filter>
    </None>
    <None Include="zh\report\data_unit_lex_order.inl">
      <Filter>Header Files</Filter>
    </None>
    <None Include="zh\util\iterator.inl">
      <Filter>Header Files</Filter>
    </None>
    <None Include="zh\mutate.inl">
      <Filter>Header Files</Filter>
    </None>
    <None Include="zh\graph_search\cluster.inl">
      <Filter>Header Files</Filter>
    </None>
    <None Include="zh\util\json.inl">
      <Filter>Header Files</Filter>
    </None>
  </ItemGroup>
</Project>